
Microsoft Visual Studio Solution File, Format Version 12.00
# Visual Studio Version 16
VisualStudioVersion = 25.0.1706.6
MinimumVisualStudioVersion = 10.0.40219.1
Project("{FAE04EC0-301F-11D3-BF4B-00C04F79EFBC}") = "Padurariu_Liviu_Lab1", "Padurariu_Liviu_Lab1\Padurariu_Liviu_Lab1.csproj", "{5C536857-B625-466C-B50A-5AE554300CCB}"
EndProject
Global
	GlobalSection(SolutionConfigurationPlatforms) = preSolution
		Debug|Any CPU = Debug|Any CPU
		Release|Any CPU = Release|Any CPU
	EndGlobalSection
	GlobalSection(ProjectConfigurationPlatforms) = postSolution
		{5C536857-B625-466C-B50A-5AE554300CCB}.Debug|Any CPU.ActiveCfg = Debug|Any CPU
		{5C536857-B625-466C-B50A-5AE554300CCB}.Debug|Any CPU.Build.0 = Debug|Any CPU
		{5C536857-B625-466C-B50A-5AE554300CCB}.Release|Any CPU.ActiveCfg = Release|Any CPU
		{5C536857-B625-466C-B50A-5AE554300CCB}.Release|Any CPU.Build.0 = Release|Any CPU
	EndGlobalSection
	GlobalSection(SolutionProperties) = preSolution
		HideSolutionNode = FALSE
	EndGlobalSection
	GlobalSection(ExtensibilityGlobals) = postSolution
		SolutionGuid = {2E4142FA-3541-4ED1-AC11-665E427B26F0}
	EndGlobalSection
EndGlobal
